// !$*UTF8*$!
{
	archiveVersion = 1;
	classes = {
	};
	objectVersion = 46;
	objects = {

/* Begin PBXBuildFile section */
		5D3DC8251BABCE370009E800 /* ToDoItem.swift in Sources */ = {isa = PBXBuildFile; fileRef = 5D3DC8241BABCE370009E800 /* ToDoItem.swift */; };
		5D3DC8271BABDBA80009E800 /* TableViewCell.swift in Sources */ = {isa = PBXBuildFile; fileRef = 5D3DC8261BABDBA80009E800 /* TableViewCell.swift */; };
		5D3DC8291BABE1D40009E800 /* StrikeThroughText.swift in Sources */ = {isa = PBXBuildFile; fileRef = 5D3DC8281BABE1D40009E800 /* StrikeThroughText.swift */; };
		5D3DC82B1BABEA790009E800 /* 1442576634_icon-40-clipboard-list.png in Resources */ = {isa = PBXBuildFile; fileRef = 5D3DC82A1BABEA790009E800 /* 1442576634_icon-40-clipboard-list.png */; };
		5D5096981B94149D0011F9F6 /* CloudKitHelper.swift in Sources */ = {isa = PBXBuildFile; fileRef = 5D5096971B94149D0011F9F6 /* CloudKitHelper.swift */; };
		5DAA6DA41BB670AE00E2B25F /* AddEntryViewController.swift in Sources */ = {isa = PBXBuildFile; fileRef = 5DAA6DA31BB670AE00E2B25F /* AddEntryViewController.swift */; settings = {ASSET_TAGS = (); }; };
		5DEB8AD31B940AD000A10B5B /* AppDelegate.swift in Sources */ = {isa = PBXBuildFile; fileRef = 5DEB8AD21B940AD000A10B5B /* AppDelegate.swift */; };
		5DEB8AD51B940AD000A10B5B /* ViewController.swift in Sources */ = {isa = PBXBuildFile; fileRef = 5DEB8AD41B940AD000A10B5B /* ViewController.swift */; };
		5DEB8AD81B940AD000A10B5B /* Main.storyboard in Resources */ = {isa = PBXBuildFile; fileRef = 5DEB8AD61B940AD000A10B5B /* Main.storyboard */; };
		5DEB8ADA1B940AD000A10B5B /* Images.xcassets in Resources */ = {isa = PBXBuildFile; fileRef = 5DEB8AD91B940AD000A10B5B /* Images.xcassets */; };
		5DEB8ADD1B940AD000A10B5B /* LaunchScreen.xib in Resources */ = {isa = PBXBuildFile; fileRef = 5DEB8ADB1B940AD000A10B5B /* LaunchScreen.xib */; };
		5DEB8AE91B940AD000A10B5B /* ListsTests.swift in Sources */ = {isa = PBXBuildFile; fileRef = 5DEB8AE81B940AD000A10B5B /* ListsTests.swift */; };
		5DEB8AF41B940ADB00A10B5B /* CloudKit.framework in Frameworks */ = {isa = PBXBuildFile; fileRef = 5DEB8AF31B940ADB00A10B5B /* CloudKit.framework */; };
/* End PBXBuildFile section */

/* Begin PBXContainerItemProxy section */
		5DEB8AE31B940AD000A10B5B /* PBXContainerItemProxy */ = {
			isa = PBXContainerItemProxy;
			containerPortal = 5DEB8AC51B940AD000A10B5B /* Project object */;
			proxyType = 1;
			remoteGlobalIDString = 5DEB8ACC1B940AD000A10B5B;
			remoteInfo = Lists;
		};
/* End PBXContainerItemProxy section */

/* Begin PBXFileReference section */
		5D3DC8241BABCE370009E800 /* ToDoItem.swift */ = {isa = PBXFileReference; fileEncoding = 4; lastKnownFileType = sourcecode.swift; path = ToDoItem.swift; sourceTree = "<group>"; };
		5D3DC8261BABDBA80009E800 /* TableViewCell.swift */ = {isa = PBXFileReference; fileEncoding = 4; lastKnownFileType = sourcecode.swift; path = TableViewCell.swift; sourceTree = "<group>"; };
		5D3DC8281BABE1D40009E800 /* StrikeThroughText.swift */ = {isa = PBXFileReference; fileEncoding = 4; lastKnownFileType = sourcecode.swift; path = StrikeThroughText.swift; sourceTree = "<group>"; };
		5D3DC82A1BABEA790009E800 /* 1442576634_icon-40-clipboard-list.png */ = {isa = PBXFileReference; lastKnownFileType = image.png; path = "1442576634_icon-40-clipboard-list.png"; sourceTree = "<group>"; };
		5D5096971B94149D0011F9F6 /* CloudKitHelper.swift */ = {isa = PBXFileReference; fileEncoding = 4; lastKnownFileType = sourcecode.swift; name = CloudKitHelper.swift; path = ../CloudKitHelper.swift; sourceTree = "<group>"; };
		5DAA6DA31BB670AE00E2B25F /* AddEntryViewController.swift */ = {isa = PBXFileReference; fileEncoding = 4; lastKnownFileType = sourcecode.swift; path = AddEntryViewController.swift; sourceTree = "<group>"; };
		5DEB8ACD1B940AD000A10B5B /* Lists.app */ = {isa = PBXFileReference; explicitFileType = wrapper.application; includeInIndex = 0; path = Lists.app; sourceTree = BUILT_PRODUCTS_DIR; };
		5DEB8AD11B940AD000A10B5B /* Info.plist */ = {isa = PBXFileReference; lastKnownFileType = text.plist.xml; path = Info.plist; sourceTree = "<group>"; };
		5DEB8AD21B940AD000A10B5B /* AppDelegate.swift */ = {isa = PBXFileReference; lastKnownFileType = sourcecode.swift; path = AppDelegate.swift; sourceTree = "<group>"; };
		5DEB8AD41B940AD000A10B5B /* ViewController.swift */ = {isa = PBXFileReference; lastKnownFileType = sourcecode.swift; path = ViewController.swift; sourceTree = "<group>"; };
		5DEB8AD71B940AD000A10B5B /* Base */ = {isa = PBXFileReference; lastKnownFileType = file.storyboard; name = Base; path = Base.lproj/Main.storyboard; sourceTree = "<group>"; };
		5DEB8AD91B940AD000A10B5B /* Images.xcassets */ = {isa = PBXFileReference; lastKnownFileType = folder.assetcatalog; path = Images.xcassets; sourceTree = "<group>"; };
		5DEB8ADC1B940AD000A10B5B /* Base */ = {isa = PBXFileReference; lastKnownFileType = file.xib; name = Base; path = Base.lproj/LaunchScreen.xib; sourceTree = "<group>"; };
		5DEB8AE21B940AD000A10B5B /* ListsTests.xctest */ = {isa = PBXFileReference; explicitFileType = wrapper.cfbundle; includeInIndex = 0; path = ListsTests.xctest; sourceTree = BUILT_PRODUCTS_DIR; };
		5DEB8AE71B940AD000A10B5B /* Info.plist */ = {isa = PBXFileReference; lastKnownFileType = text.plist.xml; path = Info.plist; sourceTree = "<group>"; };
		5DEB8AE81B940AD000A10B5B /* ListsTests.swift */ = {isa = PBXFileReference; lastKnownFileType = sourcecode.swift; path = ListsTests.swift; sourceTree = "<group>"; };
		5DEB8AF21B940AD800A10B5B /* Lists.entitlements */ = {isa = PBXFileReference; lastKnownFileType = text.xml; path = Lists.entitlements; sourceTree = "<group>"; };
		5DEB8AF31B940ADB00A10B5B /* CloudKit.framework */ = {isa = PBXFileReference; lastKnownFileType = wrapper.framework; name = CloudKit.framework; path = System/Library/Frameworks/CloudKit.framework; sourceTree = SDKROOT; };
/* End PBXFileReference section */

/* Begin PBXFrameworksBuildPhase section */
		5DEB8ACA1B940AD000A10B5B /* Frameworks */ = {
			isa = PBXFrameworksBuildPhase;
			buildActionMask = 2147483647;
			files = (
				5DEB8AF41B940ADB00A10B5B /* CloudKit.framework in Frameworks */,
			);
			runOnlyForDeploymentPostprocessing = 0;
		};
		5DEB8ADF1B940AD000A10B5B /* Frameworks */ = {
			isa = PBXFrameworksBuildPhase;
			buildActionMask = 2147483647;
			files = (
			);
			runOnlyForDeploymentPostprocessing = 0;
		};
/* End PBXFrameworksBuildPhase section */

/* Begin PBXGroup section */
		5DEB8AC41B940AD000A10B5B = {
			isa = PBXGroup;
			children = (
				5DEB8AF31B940ADB00A10B5B /* CloudKit.framework */,
				5DEB8ACF1B940AD000A10B5B /* Lists */,
				5DEB8AE51B940AD000A10B5B /* ListsTests */,
				5DEB8ACE1B940AD000A10B5B /* Products */,
			);
			sourceTree = "<group>";
		};
		5DEB8ACE1B940AD000A10B5B /* Products */ = {
			isa = PBXGroup;
			children = (
				5DEB8ACD1B940AD000A10B5B /* Lists.app */,
				5DEB8AE21B940AD000A10B5B /* ListsTests.xctest */,
			);
			name = Products;
			sourceTree = "<group>";
		};
		5DEB8ACF1B940AD000A10B5B /* Lists */ = {
			isa = PBXGroup;
			children = (
				5D5096971B94149D0011F9F6 /* CloudKitHelper.swift */,
				5DEB8AF21B940AD800A10B5B /* Lists.entitlements */,
				5DEB8AD21B940AD000A10B5B /* AppDelegate.swift */,
				5DAA6DA31BB670AE00E2B25F /* AddEntryViewController.swift */,
				5DEB8AD41B940AD000A10B5B /* ViewController.swift */,
				5D3DC8281BABE1D40009E800 /* StrikeThroughText.swift */,
				5D3DC8261BABDBA80009E800 /* TableViewCell.swift */,
				5D3DC8241BABCE370009E800 /* ToDoItem.swift */,
				5DEB8AD61B940AD000A10B5B /* Main.storyboard */,
				5DEB8AD91B940AD000A10B5B /* Images.xcassets */,
				5DEB8ADB1B940AD000A10B5B /* LaunchScreen.xib */,
				5DEB8AD01B940AD000A10B5B /* Supporting Files */,
			);
			path = Lists;
			sourceTree = "<group>";
		};
		5DEB8AD01B940AD000A10B5B /* Supporting Files */ = {
			isa = PBXGroup;
			children = (
				5D3DC82A1BABEA790009E800 /* 1442576634_icon-40-clipboard-list.png */,
				5DEB8AD11B940AD000A10B5B /* Info.plist */,
			);
			name = "Supporting Files";
			sourceTree = "<group>";
		};
		5DEB8AE51B940AD000A10B5B /* ListsTests */ = {
			isa = PBXGroup;
			children = (
				5DEB8AE81B940AD000A10B5B /* ListsTests.swift */,
				5DEB8AE61B940AD000A10B5B /* Supporting Files */,
			);
			path = ListsTests;
			sourceTree = "<group>";
		};
		5DEB8AE61B940AD000A10B5B /* Supporting Files */ = {
			isa = PBXGroup;
			children = (
				5DEB8AE71B940AD000A10B5B /* Info.plist */,
			);
			name = "Supporting Files";
			sourceTree = "<group>";
		};
/* End PBXGroup section */

/* Begin PBXNativeTarget section */
		5DEB8ACC1B940AD000A10B5B /* Lists */ = {
			isa = PBXNativeTarget;
			buildConfigurationList = 5DEB8AEC1B940AD000A10B5B /* Build configuration list for PBXNativeTarget "Lists" */;
			buildPhases = (
				5DEB8AC91B940AD000A10B5B /* Sources */,
				5DEB8ACA1B940AD000A10B5B /* Frameworks */,
				5DEB8ACB1B940AD000A10B5B /* Resources */,
			);
			buildRules = (
			);
			dependencies = (
			);
			name = Lists;
			productName = Lists;
			productReference = 5DEB8ACD1B940AD000A10B5B /* Lists.app */;
			productType = "com.apple.product-type.application";
		};
		5DEB8AE11B940AD000A10B5B /* ListsTests */ = {
			isa = PBXNativeTarget;
			buildConfigurationList = 5DEB8AEF1B940AD000A10B5B /* Build configuration list for PBXNativeTarget "ListsTests" */;
			buildPhases = (
				5DEB8ADE1B940AD000A10B5B /* Sources */,
				5DEB8ADF1B940AD000A10B5B /* Frameworks */,
				5DEB8AE01B940AD000A10B5B /* Resources */,
			);
			buildRules = (
			);
			dependencies = (
				5DEB8AE41B940AD000A10B5B /* PBXTargetDependency */,
			);
			name = ListsTests;
			productName = ListsTests;
			productReference = 5DEB8AE21B940AD000A10B5B /* ListsTests.xctest */;
			productType = "com.apple.product-type.bundle.unit-test";
		};
/* End PBXNativeTarget section */

/* Begin PBXProject section */
		5DEB8AC51B940AD000A10B5B /* Project object */ = {
			isa = PBXProject;
			attributes = {
				LastSwiftMigration = 0700;
				LastSwiftUpdateCheck = 0700;
				LastUpgradeCheck = 0700;
				ORGANIZATIONNAME = "Utsav Mehta";
				TargetAttributes = {
					5DEB8ACC1B940AD000A10B5B = {
						CreatedOnToolsVersion = 6.4;
						DevelopmentTeam = N6Y7G2993R;
						SystemCapabilities = {
							com.apple.iCloud = {
								enabled = 1;
							};
						};
					};
					5DEB8AE11B940AD000A10B5B = {
						CreatedOnToolsVersion = 6.4;
						TestTargetID = 5DEB8ACC1B940AD000A10B5B;
					};
				};
			};
			buildConfigurationList = 5DEB8AC81B940AD000A10B5B /* Build configuration list for PBXProject "Lists" */;
			compatibilityVersion = "Xcode 3.2";
			developmentRegion = English;
			hasScannedForEncodings = 0;
			knownRegions = (
				en,
				Base,
			);
			mainGroup = 5DEB8AC41B940AD000A10B5B;
			productRefGroup = 5DEB8ACE1B940AD000A10B5B /* Products */;
			projectDirPath = "";
			projectRoot = "";
			targets = (
				5DEB8ACC1B940AD000A10B5B /* Lists */,
				5DEB8AE11B940AD000A10B5B /* ListsTests */,
			);
		};
/* End PBXProject section */

/* Begin PBXResourcesBuildPhase section */
		5DEB8ACB1B940AD000A10B5B /* Resources */ = {
			isa = PBXResourcesBuildPhase;
			buildActionMask = 2147483647;
			files = (
				5DEB8AD81B940AD000A10B5B /* Main.storyboard in Resources */,
				5D3DC82B1BABEA790009E800 /* 1442576634_icon-40-clipboard-list.png in Resources */,
				5DEB8ADD1B940AD000A10B5B /* LaunchScreen.xib in Resources */,
				5DEB8ADA1B940AD000A10B5B /* Images.xcassets in Resources */,
			);
			runOnlyForDeploymentPostprocessing = 0;
		};
		5DEB8AE01B940AD000A10B5B /* Resources */ = {
			isa = PBXResourcesBuildPhase;
			buildActionMask = 2147483647;
			files = (
			);
			runOnlyForDeploymentPostprocessing = 0;
		};
/* End PBXResourcesBuildPhase section */

/* Begin PBXSourcesBuildPhase section */
		5DEB8AC91B940AD000A10B5B /* Sources */ = {
			isa = PBXSourcesBuildPhase;
			buildActionMask = 2147483647;
			files = (
				5D3DC8271BABDBA80009E800 /* TableViewCell.swift in Sources */,
				5DEB8AD51B940AD000A10B5B /* ViewController.swift in Sources */,
				5D3DC8291BABE1D40009E800 /* StrikeThroughText.swift in Sources */,
				5DAA6DA41BB670AE00E2B25F /* AddEntryViewController.swift in Sources */,
				5DEB8AD31B940AD000A10B5B /* AppDelegate.swift in Sources */,
				5D3DC8251BABCE370009E800 /* ToDoItem.swift in Sources */,
				5D5096981B94149D0011F9F6 /* CloudKitHelper.swift in Sources */,
			);
			runOnlyForDeploymentPostprocessing = 0;
		};
		5DEB8ADE1B940AD000A10B5B /* Sources */ = {
			isa = PBXSourcesBuildPhase;
			buildActionMask = 2147483647;
			files = (
				5DEB8AE91B940AD000A10B5B /* ListsTests.swift in Sources */,
			);
			runOnlyForDeploymentPostprocessing = 0;
		};
/* End PBXSourcesBuildPhase section */

/* Begin PBXTargetDependency section */
		5DEB8AE41B940AD000A10B5B /* PBXTargetDependency */ = {
			isa = PBXTargetDependency;
			target = 5DEB8ACC1B940AD000A10B5B /* Lists */;
			targetProxy = 5DEB8AE31B940AD000A10B5B /* PBXContainerItemProxy */;
		};
/* End PBXTargetDependency section */

/* Begin PBXVariantGroup section */
		5DEB8AD61B940AD000A10B5B /* Main.storyboard */ = {
			isa = PBXVariantGroup;
			children = (
				5DEB8AD71B940AD000A10B5B /* Base */,
			);
			name = Main.storyboard;
			sourceTree = "<group>";
		};
		5DEB8ADB1B940AD000A10B5B /* LaunchScreen.xib */ = {
			isa = PBXVariantGroup;
			children = (
				5DEB8ADC1B940AD000A10B5B /* Base */,
			);
			name = LaunchScreen.xib;
			sourceTree = "<group>";
		};
/* End PBXVariantGroup section */

/* Begin XCBuildConfiguration section */
		5DEB8AEA1B940AD000A10B5B /* Debug */ = {
			isa = XCBuildConfiguration;
			buildSettings = {
				ALWAYS_SEARCH_USER_PATHS = NO;
				CLANG_CXX_LANGUAGE_STANDARD = "gnu++0x";
				CLANG_CXX_LIBRARY = "libc++";
				CLANG_ENABLE_MODULES = YES;
				CLANG_ENABLE_OBJC_ARC = YES;
				CLANG_WARN_BOOL_CONVERSION = YES;
				CLANG_WARN_CONSTANT_CONVERSION = YES;
				CLANG_WARN_DIRECT_OBJC_ISA_USAGE = YES_ERROR;
				CLANG_WARN_EMPTY_BODY = YES;
				CLANG_WARN_ENUM_CONVERSION = YES;
				CLANG_WARN_INT_CONVERSION = YES;
				CLANG_WARN_OBJC_ROOT_CLASS = YES_ERROR;
				CLANG_WARN_UNREACHABLE_CODE = YES;
				CLANG_WARN__DUPLICATE_METHOD_MATCH = YES;
				"CODE_SIGN_IDENTITY[sdk=iphoneos*]" = "iPhone Developer";
				COPY_PHASE_STRIP = NO;
				DEBUG_INFORMATION_FORMAT = "dwarf-with-dsym";
				ENABLE_STRICT_OBJC_MSGSEND = YES;
				ENABLE_TESTABILITY = YES;
				GCC_C_LANGUAGE_STANDARD = gnu99;
				GCC_DYNAMIC_NO_PIC = NO;
				GCC_NO_COMMON_BLOCKS = YES;
				GCC_OPTIMIZATION_LEVEL = 0;
				GCC_PREPROCESSOR_DEFINITIONS = (
					"DEBUG=1",
					"$(inherited)",
				);
				GCC_SYMBOLS_PRIVATE_EXTERN = NO;
				GCC_WARN_64_TO_32_BIT_CONVERSION = YES;
				GCC_WARN_ABOUT_RETURN_TYPE = YES_ERROR;
				GCC_WARN_UNDECLARED_SELECTOR = YES;
				GCC_WARN_UNINITIALIZED_AUTOS = YES_AGGRESSIVE;
				GCC_WARN_UNUSED_FUNCTION = YES;
				GCC_WARN_UNUSED_VARIABLE = YES;
				IPHONEOS_DEPLOYMENT_TARGET = 8.4;
				MTL_ENABLE_DEBUG_INFO = YES;
				ONLY_ACTIVE_ARCH = YES;
				SDKROOT = iphoneos;
				SWIFT_OPTIMIZATION_LEVEL = "-Onone";
			};
			name = Debug;
		};
		5DEB8AEB1B940AD000A10B5B /* Release */ = {
			isa = XCBuildConfiguration;
			buildSettings = {
				ALWAYS_SEARCH_USER_PATHS = NO;
				CLANG_CXX_LANGUAGE_STANDARD = "gnu++0x";
				CLANG_CXX_LIBRARY = "libc++";
				CLANG_ENABLE_MODULES = YES;
				CLANG_ENABLE_OBJC_ARC = YES;
				CLANG_WARN_BOOL_CONVERSION = YES;
				CLANG_WARN_CONSTANT_CONVERSION = YES;
				CLANG_WARN_DIRECT_OBJC_ISA_USAGE = YES_ERROR;
				CLANG_WARN_EMPTY_BODY = YES;
				CLANG_WARN_ENUM_CONVERSION = YES;
				CLANG_WARN_INT_CONVERSION = YES;
				CLANG_WARN_OBJC_ROOT_CLASS = YES_ERROR;
				CLANG_WARN_UNREACHABLE_CODE = YES;
				CLANG_WARN__DUPLICATE_METHOD_MATCH = YES;
				"CODE_SIGN_IDENTITY[sdk=iphoneos*]" = "iPhone Developer";
				COPY_PHASE_STRIP = NO;
				DEBUG_INFORMATION_FORMAT = "dwarf-with-dsym";
				ENABLE_NS_ASSERTIONS = NO;
				ENABLE_STRICT_OBJC_MSGSEND = YES;
				GCC_C_LANGUAGE_STANDARD = gnu99;
				GCC_NO_COMMON_BLOCKS = YES;
				GCC_WARN_64_TO_32_BIT_CONVERSION = YES;
				GCC_WARN_ABOUT_RETURN_TYPE = YES_ERROR;
				GCC_WARN_UNDECLARED_SELECTOR = YES;
				GCC_WARN_UNINITIALIZED_AUTOS = YES_AGGRESSIVE;
				GCC_WARN_UNUSED_FUNCTION = YES;
				GCC_WARN_UNUSED_VARIABLE = YES;
				IPHONEOS_DEPLOYMENT_TARGET = 8.4;
				MTL_ENABLE_DEBUG_INFO = NO;
				SDKROOT = iphoneos;
				VALIDATE_PRODUCT = YES;
			};
			name = Release;
		};
		5DEB8AED1B940AD000A10B5B /* Debug */ = {
			isa = XCBuildConfiguration;
			buildSettings = {
				ASSETCATALOG_COMPILER_APPICON_NAME = "AppIcon-1";
				CODE_SIGN_ENTITLEMENTS = Lists/Lists.entitlements;
				INFOPLIST_FILE = Lists/Info.plist;
				IPHONEOS_DEPLOYMENT_TARGET = 9.0;
				LD_RUNPATH_SEARCH_PATHS = "$(inherited) @executable_path/Frameworks";
				PRODUCT_BUNDLE_IDENTIFIER = "utslabs.$(PRODUCT_NAME:rfc1034identifier)";
				PRODUCT_NAME = "$(TARGET_NAME)";
			};
			name = Debug;
		};
		5DEB8AEE1B940AD000A10B5B /* Release */ = {
			isa = XCBuildConfiguration;
			buildSettings = {
				ASSETCATALOG_COMPILER_APPICON_NAME = "AppIcon-1";
				CODE_SIGN_ENTITLEMENTS = Lists/Lists.entitlements;
				INFOPLIST_FILE = Lists/Info.plist;
				IPHONEOS_DEPLOYMENT_TARGET = 9.0;
				LD_RUNPATH_SEARCH_PATHS = "$(inherited) @executable_path/Frameworks";
				PRODUCT_BUNDLE_IDENTIFIER = "utslabs.$(PRODUCT_NAME:rfc1034identifier)";
				PRODUCT_NAME = "$(TARGET_NAME)";
			};
			name = Release;
		};
		5DEB8AF01B940AD000A10B5B /* Debug */ = {
			isa = XCBuildConfiguration;
			buildSettings = {
				BUNDLE_LOADER = "$(TEST_HOST)";
				FRAMEWORK_SEARCH_PATHS = (
					"$(SDKROOT)/Developer/Library/Frameworks",
					"$(inherited)",
				);
				GCC_PREPROCESSOR_DEFINITIONS = (
					"DEBUG=1",
					"$(inherited)",
				);
				INFOPLIST_FILE = ListsTests/Info.plist;
				LD_RUNPATH_SEARCH_PATHS = "$(inherited) @executable_path/Frameworks @loader_path/Frameworks";
				PRODUCT_BUNDLE_IDENTIFIER = "utslabs.$(PRODUCT_NAME:rfc1034identifier)";
				PRODUCT_NAME = "$(TARGET_NAME)";
				TEST_HOST = "$(BUILT_PRODUCTS_DIR)/Lists.app/Lists";
			};
			name = Debug;
		};
		5DEB8AF11B940AD000A10B5B /* Release */ = {
			isa = XCBuildConfiguration;
			buildSettings = {
				BUNDLE_LOADER = "$(TEST_HOST)";
				FRAMEWORK_SEARCH_PATHS = (
					"$(SDKROOT)/Developer/Library/Frameworks",
					"$(inherited)",
				);
				INFOPLIST_FILE = ListsTests/Info.plist;
				LD_RUNPATH_SEARCH_PATHS = "$(inherited) @executable_path/Frameworks @loader_path/Frameworks";
				PRODUCT_BUNDLE_IDENTIFIER = "utslabs.$(PRODUCT_NAME:rfc1034identifier)";
				PRODUCT_NAME = "$(TARGET_NAME)";
				TEST_HOST = "$(BUILT_PRODUCTS_DIR)/Lists.app/Lists";
			};
			name = Release;
		};
/* End XCBuildConfiguration section */

/* Begin XCConfigurationList section */
		5DEB8AC81B940AD000A10B5B /* Build configuration list for PBXProject "Lists" */ = {
			isa = XCConfigurationList;
			buildConfigurations = (
				5DEB8AEA1B940AD000A10B5B /* Debug */,
				5DEB8AEB1B940AD000A10B5B /* Release */,
			);
			defaultConfigurationIsVisible = 0;
			defaultConfigurationName = Release;
		};
		5DEB8AEC1B940AD000A10B5B /* Build configuration list for PBXNativeTarget "Lists" */ = {
			isa = XCConfigurationList;
			buildConfigurations = (
				5DEB8AED1B940AD000A10B5B /* Debug */,
				5DEB8AEE1B940AD000A10B5B /* Release */,
			);
			defaultConfigurationIsVisible = 0;
			defaultConfigurationName = Release;
		};
		5DEB8AEF1B940AD000A10B5B /* Build configuration list for PBXNativeTarget "ListsTests" */ = {
			isa = XCConfigurationList;
			buildConfigurations = (
				5DEB8AF01B940AD000A10B5B /* Debug */,
				5DEB8AF11B940AD000A10B5B /* Release */,
			);
			defaultConfigurationIsVisible = 0;
			defaultConfigurationName = Release;
		};
/* End XCConfigurationList section */
	};
	rootObject = 5DEB8AC51B940AD000A10B5B /* Project object */;
}
